// !$*UTF8*$!
{
	archiveVersion = 1;
	classes = {
	};
	objectVersion = 46;
	objects = {

/* Begin PBXBuildFile section */
		B532273A1D8FE12C00209EF9 /* GroupAnimationVC.m in Sources */ = {isa = PBXBuildFile; fileRef = B53227391D8FE12C00209EF9 /* GroupAnimationVC.m */; };
		B53469B91D93A685009EA9BE /* AnimationTimeVC.m in Sources */ = {isa = PBXBuildFile; fileRef = B53469B81D93A685009EA9BE /* AnimationTimeVC.m */; };
		B53469BB1D93B148009EA9BE /* door.jpg in Resources */ = {isa = PBXBuildFile; fileRef = B53469BA1D93B148009EA9BE /* door.jpg */; };
		B569EC541D83A6BF001273C4 /* LayerGeometryVC.m in Sources */ = {isa = PBXBuildFile; fileRef = B569EC531D83A6BF001273C4 /* LayerGeometryVC.m */; };
		B5909C041D8F6BC400839FB1 /* VisibilityAnimationVC.m in Sources */ = {isa = PBXBuildFile; fileRef = B5909C031D8F6BC400839FB1 /* VisibilityAnimationVC.m */; };
		B59E031C1D8540CF0012F1D0 /* ProprietaryLayerVC.m in Sources */ = {isa = PBXBuildFile; fileRef = B59E031B1D8540CF0012F1D0 /* ProprietaryLayerVC.m */; };
		B5BBB6C01D94D7B100AA67CA /* BufferVC.m in Sources */ = {isa = PBXBuildFile; fileRef = B5BBB6BF1D94D7B100AA67CA /* BufferVC.m */; };
		B5D27BDE1D87841E0030F349 /* 图片2.jpeg in Resources */ = {isa = PBXBuildFile; fileRef = B5D27BDD1D87841E0030F349 /* 图片2.jpeg */; };
		B5D27BE31D87DDA60030F349 /* GAEGLLayer.m in Sources */ = {isa = PBXBuildFile; fileRef = B5D27BE21D87DDA60030F349 /* GAEGLLayer.m */; };
		B5D27BEF1D87F8440030F349 /* local.mov in Resources */ = {isa = PBXBuildFile; fileRef = B5D27BEE1D87F8440030F349 /* local.mov */; };
		B5D27BF21D87FB680030F349 /* InvisibilityAnimationVC.m in Sources */ = {isa = PBXBuildFile; fileRef = B5D27BF11D87FB680030F349 /* InvisibilityAnimationVC.m */; };
		B5D75E2B1D823E470011AF10 /* main.m in Sources */ = {isa = PBXBuildFile; fileRef = B5D75E2A1D823E470011AF10 /* main.m */; };
		B5D75E2E1D823E470011AF10 /* AppDelegate.m in Sources */ = {isa = PBXBuildFile; fileRef = B5D75E2D1D823E470011AF10 /* AppDelegate.m */; };
		B5D75E341D823E470011AF10 /* Main.storyboard in Resources */ = {isa = PBXBuildFile; fileRef = B5D75E321D823E470011AF10 /* Main.storyboard */; };
		B5D75E361D823E470011AF10 /* Assets.xcassets in Resources */ = {isa = PBXBuildFile; fileRef = B5D75E351D823E470011AF10 /* Assets.xcassets */; };
		B5D75E391D823E470011AF10 /* LaunchScreen.storyboard in Resources */ = {isa = PBXBuildFile; fileRef = B5D75E371D823E470011AF10 /* LaunchScreen.storyboard */; };
		B5D75E451D823F590011AF10 /* MaintableViewController.m in Sources */ = {isa = PBXBuildFile; fileRef = B5D75E441D823F590011AF10 /* MaintableViewController.m */; };
		B5D75E481D8240F90011AF10 /* MaintableCellModel.m in Sources */ = {isa = PBXBuildFile; fileRef = B5D75E471D8240F90011AF10 /* MaintableCellModel.m */; };
		B5D75E4B1D82411F0011AF10 /* MaintbaleViewCell.m in Sources */ = {isa = PBXBuildFile; fileRef = B5D75E4A1D82411F0011AF10 /* MaintbaleViewCell.m */; };
		B5D75E4F1D82494C0011AF10 /* BoardLayerVC.m in Sources */ = {isa = PBXBuildFile; fileRef = B5D75E4E1D82494C0011AF10 /* BoardLayerVC.m */; };
		B5EF84001D84E31F0082D694 /* VisionEffectionVC.m in Sources */ = {isa = PBXBuildFile; fileRef = B5EF83FF1D84E31F0082D694 /* VisionEffectionVC.m */; };
		B5EF84031D8500120082D694 /* TransformationVC.m in Sources */ = {isa = PBXBuildFile; fileRef = B5EF84021D8500120082D694 /* TransformationVC.m */; };
/* End PBXBuildFile section */

/* Begin PBXFileReference section */
		B53227381D8FE12C00209EF9 /* GroupAnimationVC.h */ = {isa = PBXFileReference; fileEncoding = 4; lastKnownFileType = sourcecode.c.h; path = GroupAnimationVC.h; sourceTree = "<group>"; };
		B53227391D8FE12C00209EF9 /* GroupAnimationVC.m */ = {isa = PBXFileReference; fileEncoding = 4; lastKnownFileType = sourcecode.c.objc; path = GroupAnimationVC.m; sourceTree = "<group>"; };
		B53469B71D93A685009EA9BE /* AnimationTimeVC.h */ = {isa = PBXFileReference; fileEncoding = 4; lastKnownFileType = sourcecode.c.h; path = AnimationTimeVC.h; sourceTree = "<group>"; };
		B53469B81D93A685009EA9BE /* AnimationTimeVC.m */ = {isa = PBXFileReference; fileEncoding = 4; lastKnownFileType = sourcecode.c.objc; path = AnimationTimeVC.m; sourceTree = "<group>"; };
		B53469BA1D93B148009EA9BE /* door.jpg */ = {isa = PBXFileReference; lastKnownFileType = image.jpeg; path = door.jpg; sourceTree = "<group>"; };
		B569EC521D83A6BF001273C4 /* LayerGeometryVC.h */ = {isa = PBXFileReference; fileEncoding = 4; lastKnownFileType = sourcecode.c.h; path = LayerGeometryVC.h; sourceTree = "<group>"; };
		B569EC531D83A6BF001273C4 /* LayerGeometryVC.m */ = {isa = PBXFileReference; fileEncoding = 4; lastKnownFileType = sourcecode.c.objc; path = LayerGeometryVC.m; sourceTree = "<group>"; };
		B5909C021D8F6BC400839FB1 /* VisibilityAnimationVC.h */ = {isa = PBXFileReference; fileEncoding = 4; lastKnownFileType = sourcecode.c.h; path = VisibilityAnimationVC.h; sourceTree = "<group>"; };
		B5909C031D8F6BC400839FB1 /* VisibilityAnimationVC.m */ = {isa = PBXFileReference; fileEncoding = 4; lastKnownFileType = sourcecode.c.objc; path = VisibilityAnimationVC.m; sourceTree = "<group>"; };
		B59E031A1D8540CF0012F1D0 /* ProprietaryLayerVC.h */ = {isa = PBXFileReference; fileEncoding = 4; lastKnownFileType = sourcecode.c.h; path = ProprietaryLayerVC.h; sourceTree = "<group>"; };
		B59E031B1D8540CF0012F1D0 /* ProprietaryLayerVC.m */ = {isa = PBXFileReference; fileEncoding = 4; lastKnownFileType = sourcecode.c.objc; path = ProprietaryLayerVC.m; sourceTree = "<group>"; };
		B5BBB6BE1D94D7B100AA67CA /* BufferVC.h */ = {isa = PBXFileReference; fileEncoding = 4; lastKnownFileType = sourcecode.c.h; path = BufferVC.h; sourceTree = "<group>"; };
		B5BBB6BF1D94D7B100AA67CA /* BufferVC.m */ = {isa = PBXFileReference; fileEncoding = 4; lastKnownFileType = sourcecode.c.objc; path = BufferVC.m; sourceTree = "<group>"; };
		B5D27BDD1D87841E0030F349 /* 图片2.jpeg */ = {isa = PBXFileReference; lastKnownFileType = image.jpeg; path = "图片2.jpeg"; sourceTree = "<group>"; };
		B5D27BE11D87DDA60030F349 /* GAEGLLayer.h */ = {isa = PBXFileReference; fileEncoding = 4; lastKnownFileType = sourcecode.c.h; path = GAEGLLayer.h; sourceTree = "<group>"; };
		B5D27BE21D87DDA60030F349 /* GAEGLLayer.m */ = {isa = PBXFileReference; fileEncoding = 4; lastKnownFileType = sourcecode.c.objc; path = GAEGLLayer.m; sourceTree = "<group>"; };
		B5D27BEE1D87F8440030F349 /* local.mov */ = {isa = PBXFileReference; lastKnownFileType = video.quicktime; path = local.mov; sourceTree = "<group>"; };
		B5D27BF01D87FB680030F349 /* InvisibilityAnimationVC.h */ = {isa = PBXFileReference; fileEncoding = 4; lastKnownFileType = sourcecode.c.h; path = InvisibilityAnimationVC.h; sourceTree = "<group>"; };
		B5D27BF11D87FB680030F349 /* InvisibilityAnimationVC.m */ = {isa = PBXFileReference; fileEncoding = 4; lastKnownFileType = sourcecode.c.objc; path = InvisibilityAnimationVC.m; sourceTree = "<group>"; };
		B5D75E261D823E470011AF10 /* CoreAnimationDemo.app */ = {isa = PBXFileReference; explicitFileType = wrapper.application; includeInIndex = 0; path = CoreAnimationDemo.app; sourceTree = BUILT_PRODUCTS_DIR; };
		B5D75E2A1D823E470011AF10 /* main.m */ = {isa = PBXFileReference; lastKnownFileType = sourcecode.c.objc; path = main.m; sourceTree = "<group>"; };
		B5D75E2C1D823E470011AF10 /* AppDelegate.h */ = {isa = PBXFileReference; lastKnownFileType = sourcecode.c.h; path = AppDelegate.h; sourceTree = "<group>"; };
		B5D75E2D1D823E470011AF10 /* AppDelegate.m */ = {isa = PBXFileReference; lastKnownFileType = sourcecode.c.objc; path = AppDelegate.m; sourceTree = "<group>"; };
		B5D75E331D823E470011AF10 /* Base */ = {isa = PBXFileReference; lastKnownFileType = file.storyboard; name = Base; path = Base.lproj/Main.storyboard; sourceTree = "<group>"; };
		B5D75E351D823E470011AF10 /* Assets.xcassets */ = {isa = PBXFileReference; lastKnownFileType = folder.assetcatalog; path = Assets.xcassets; sourceTree = "<group>"; };
		B5D75E381D823E470011AF10 /* Base */ = {isa = PBXFileReference; lastKnownFileType = file.storyboard; name = Base; path = Base.lproj/LaunchScreen.storyboard; sourceTree = "<group>"; };
		B5D75E3A1D823E470011AF10 /* Info.plist */ = {isa = PBXFileReference; lastKnownFileType = text.plist.xml; path = Info.plist; sourceTree = "<group>"; };
		B5D75E431D823F590011AF10 /* MaintableViewController.h */ = {isa = PBXFileReference; fileEncoding = 4; lastKnownFileType = sourcecode.c.h; path = MaintableViewController.h; sourceTree = "<group>"; };
		B5D75E441D823F590011AF10 /* MaintableViewController.m */ = {isa = PBXFileReference; fileEncoding = 4; lastKnownFileType = sourcecode.c.objc; path = MaintableViewController.m; sourceTree = "<group>"; };
		B5D75E461D8240F90011AF10 /* MaintableCellModel.h */ = {isa = PBXFileReference; fileEncoding = 4; lastKnownFileType = sourcecode.c.h; path = MaintableCellModel.h; sourceTree = "<group>"; };
		B5D75E471D8240F90011AF10 /* MaintableCellModel.m */ = {isa = PBXFileReference; fileEncoding = 4; lastKnownFileType = sourcecode.c.objc; path = MaintableCellModel.m; sourceTree = "<group>"; };
		B5D75E491D82411F0011AF10 /* MaintbaleViewCell.h */ = {isa = PBXFileReference; fileEncoding = 4; lastKnownFileType = sourcecode.c.h; path = MaintbaleViewCell.h; sourceTree = "<group>"; };
		B5D75E4A1D82411F0011AF10 /* MaintbaleViewCell.m */ = {isa = PBXFileReference; fileEncoding = 4; lastKnownFileType = sourcecode.c.objc; path = MaintbaleViewCell.m; sourceTree = "<group>"; };
		B5D75E4D1D82494C0011AF10 /* BoardLayerVC.h */ = {isa = PBXFileReference; fileEncoding = 4; lastKnownFileType = sourcecode.c.h; path = BoardLayerVC.h; sourceTree = "<group>"; };
		B5D75E4E1D82494C0011AF10 /* BoardLayerVC.m */ = {isa = PBXFileReference; fileEncoding = 4; lastKnownFileType = sourcecode.c.objc; path = BoardLayerVC.m; sourceTree = "<group>"; };
		B5EF83FE1D84E31F0082D694 /* VisionEffectionVC.h */ = {isa = PBXFileReference; fileEncoding = 4; lastKnownFileType = sourcecode.c.h; path = VisionEffectionVC.h; sourceTree = "<group>"; };
		B5EF83FF1D84E31F0082D694 /* VisionEffectionVC.m */ = {isa = PBXFileReference; fileEncoding = 4; lastKnownFileType = sourcecode.c.objc; path = VisionEffectionVC.m; sourceTree = "<group>"; };
		B5EF84011D8500120082D694 /* TransformationVC.h */ = {isa = PBXFileReference; fileEncoding = 4; lastKnownFileType = sourcecode.c.h; path = TransformationVC.h; sourceTree = "<group>"; };
		B5EF84021D8500120082D694 /* TransformationVC.m */ = {isa = PBXFileReference; fileEncoding = 4; lastKnownFileType = sourcecode.c.objc; path = TransformationVC.m; sourceTree = "<group>"; };
/* End PBXFileReference section */

/* Begin PBXFrameworksBuildPhase section */
		B5D75E231D823E470011AF10 /* Frameworks */ = {
			isa = PBXFrameworksBuildPhase;
			buildActionMask = 2147483647;
			files = (
			);
			runOnlyForDeploymentPostprocessing = 0;
		};
/* End PBXFrameworksBuildPhase section */

/* Begin PBXGroup section */
		B5D27BDC1D8783F40030F349 /* resources */ = {
			isa = PBXGroup;
			children = (
				B53469BA1D93B148009EA9BE /* door.jpg */,
				B5D27BEE1D87F8440030F349 /* local.mov */,
				B5D27BDD1D87841E0030F349 /* 图片2.jpeg */,
			);
			path = resources;
			sourceTree = "<group>";
		};
		B5D75E1D1D823E470011AF10 = {
			isa = PBXGroup;
			children = (
				B5D75E4C1D8248F20011AF10 /* CoreAnimation */,
				B5D75E281D823E470011AF10 /* CoreAnimationDemo */,
				B5D75E271D823E470011AF10 /* Products */,
			);
			sourceTree = "<group>";
		};
		B5D75E271D823E470011AF10 /* Products */ = {
			isa = PBXGroup;
			children = (
				B5D75E261D823E470011AF10 /* CoreAnimationDemo.app */,
			);
			name = Products;
			sourceTree = "<group>";
		};
		B5D75E281D823E470011AF10 /* CoreAnimationDemo */ = {
			isa = PBXGroup;
			children = (
				B5D27BDC1D8783F40030F349 /* resources */,
				B5D75E2C1D823E470011AF10 /* AppDelegate.h */,
				B5D75E2D1D823E470011AF10 /* AppDelegate.m */,
				B5D75E321D823E470011AF10 /* Main.storyboard */,
				B5D75E351D823E470011AF10 /* Assets.xcassets */,
				B5D75E371D823E470011AF10 /* LaunchScreen.storyboard */,
				B5D75E3A1D823E470011AF10 /* Info.plist */,
				B5D75E291D823E470011AF10 /* Supporting Files */,
				B5D75E431D823F590011AF10 /* MaintableViewController.h */,
				B5D75E441D823F590011AF10 /* MaintableViewController.m */,
				B5D75E461D8240F90011AF10 /* MaintableCellModel.h */,
				B5D75E471D8240F90011AF10 /* MaintableCellModel.m */,
				B5D75E491D82411F0011AF10 /* MaintbaleViewCell.h */,
				B5D75E4A1D82411F0011AF10 /* MaintbaleViewCell.m */,
			);
			path = CoreAnimationDemo;
			sourceTree = "<group>";
		};
		B5D75E291D823E470011AF10 /* Supporting Files */ = {
			isa = PBXGroup;
			children = (
				B5D75E2A1D823E470011AF10 /* main.m */,
			);
			name = "Supporting Files";
			sourceTree = "<group>";
		};
		B5D75E4C1D8248F20011AF10 /* CoreAnimation */ = {
			isa = PBXGroup;
			children = (
				B5D75E4D1D82494C0011AF10 /* BoardLayerVC.h */,
				B5D75E4E1D82494C0011AF10 /* BoardLayerVC.m */,
				B569EC521D83A6BF001273C4 /* LayerGeometryVC.h */,
				B569EC531D83A6BF001273C4 /* LayerGeometryVC.m */,
				B5EF83FE1D84E31F0082D694 /* VisionEffectionVC.h */,
				B5EF83FF1D84E31F0082D694 /* VisionEffectionVC.m */,
				B5EF84011D8500120082D694 /* TransformationVC.h */,
				B5EF84021D8500120082D694 /* TransformationVC.m */,
				B59E031A1D8540CF0012F1D0 /* ProprietaryLayerVC.h */,
				B59E031B1D8540CF0012F1D0 /* ProprietaryLayerVC.m */,
				B5D27BE11D87DDA60030F349 /* GAEGLLayer.h */,
				B5D27BE21D87DDA60030F349 /* GAEGLLayer.m */,
				B5D27BF01D87FB680030F349 /* InvisibilityAnimationVC.h */,
				B5D27BF11D87FB680030F349 /* InvisibilityAnimationVC.m */,
				B5909C021D8F6BC400839FB1 /* VisibilityAnimationVC.h */,
				B5909C031D8F6BC400839FB1 /* VisibilityAnimationVC.m */,
				B53227381D8FE12C00209EF9 /* GroupAnimationVC.h */,
				B53227391D8FE12C00209EF9 /* GroupAnimationVC.m */,
				B53469B71D93A685009EA9BE /* AnimationTimeVC.h */,
				B53469B81D93A685009EA9BE /* AnimationTimeVC.m */,
				B5BBB6BE1D94D7B100AA67CA /* BufferVC.h */,
				B5BBB6BF1D94D7B100AA67CA /* BufferVC.m */,
			);
			path = CoreAnimation;
			sourceTree = "<group>";
		};
/* End PBXGroup section */

/* Begin PBXNativeTarget section */
		B5D75E251D823E470011AF10 /* CoreAnimationDemo */ = {
			isa = PBXNativeTarget;
			buildConfigurationList = B5D75E3D1D823E470011AF10 /* Build configuration list for PBXNativeTarget "CoreAnimationDemo" */;
			buildPhases = (
				B5D75E221D823E470011AF10 /* Sources */,
				B5D75E231D823E470011AF10 /* Frameworks */,
				B5D75E241D823E470011AF10 /* Resources */,
			);
			buildRules = (
			);
			dependencies = (
			);
			name = CoreAnimationDemo;
			productName = CoreAnimationDemo;
			productReference = B5D75E261D823E470011AF10 /* CoreAnimationDemo.app */;
			productType = "com.apple.product-type.application";
		};
/* End PBXNativeTarget section */

/* Begin PBXProject section */
		B5D75E1E1D823E470011AF10 /* Project object */ = {
			isa = PBXProject;
			attributes = {
				LastUpgradeCheck = 0730;
				ORGANIZATIONNAME = com.hofon;
				TargetAttributes = {
					B5D75E251D823E470011AF10 = {
						CreatedOnToolsVersion = 7.3;
						DevelopmentTeam = 49S32J7447;
						ProvisioningStyle = Automatic;
					};
				};
			};
			buildConfigurationList = B5D75E211D823E470011AF10 /* Build configuration list for PBXProject "CoreAnimationDemo" */;
			compatibilityVersion = "Xcode 3.2";
			developmentRegion = English;
			hasScannedForEncodings = 0;
			knownRegions = (
				en,
				Base,
			);
			mainGroup = B5D75E1D1D823E470011AF10;
			productRefGroup = B5D75E271D823E470011AF10 /* Products */;
			projectDirPath = "";
			projectRoot = "";
			targets = (
				B5D75E251D823E470011AF10 /* CoreAnimationDemo */,
			);
		};
/* End PBXProject section */

/* Begin PBXResourcesBuildPhase section */
		B5D75E241D823E470011AF10 /* Resources */ = {
			isa = PBXResourcesBuildPhase;
			buildActionMask = 2147483647;
			files = (
				B5D75E391D823E470011AF10 /* LaunchScreen.storyboard in Resources */,
				B53469BB1D93B148009EA9BE /* door.jpg in Resources */,
				B5D75E361D823E470011AF10 /* Assets.xcassets in Resources */,
				B5D75E341D823E470011AF10 /* Main.storyboard in Resources */,
				B5D27BEF1D87F8440030F349 /* local.mov in Resources */,
				B5D27BDE1D87841E0030F349 /* 图片2.jpeg in Resources */,
			);
			runOnlyForDeploymentPostprocessing = 0;
		};
/* End PBXResourcesBuildPhase section */

/* Begin PBXSourcesBuildPhase section */
		B5D75E221D823E470011AF10 /* Sources */ = {
			isa = PBXSourcesBuildPhase;
			buildActionMask = 2147483647;
			files = (
				B5909C041D8F6BC400839FB1 /* VisibilityAnimationVC.m in Sources */,
				B532273A1D8FE12C00209EF9 /* GroupAnimationVC.m in Sources */,
				B5D27BF21D87FB680030F349 /* InvisibilityAnimationVC.m in Sources */,
				B53469B91D93A685009EA9BE /* AnimationTimeVC.m in Sources */,
				B569EC541D83A6BF001273C4 /* LayerGeometryVC.m in Sources */,
				B5D75E451D823F590011AF10 /* MaintableViewController.m in Sources */,
				B5EF84001D84E31F0082D694 /* VisionEffectionVC.m in Sources */,
				B59E031C1D8540CF0012F1D0 /* ProprietaryLayerVC.m in Sources */,
				B5BBB6C01D94D7B100AA67CA /* BufferVC.m in Sources */,
				B5D75E481D8240F90011AF10 /* MaintableCellModel.m in Sources */,
				B5D75E2E1D823E470011AF10 /* AppDelegate.m in Sources */,
				B5EF84031D8500120082D694 /* TransformationVC.m in Sources */,
				B5D75E2B1D823E470011AF10 /* main.m in Sources */,
				B5D27BE31D87DDA60030F349 /* GAEGLLayer.m in Sources */,
				B5D75E4B1D82411F0011AF10 /* MaintbaleViewCell.m in Sources */,
				B5D75E4F1D82494C0011AF10 /* BoardLayerVC.m in Sources */,
			);
			runOnlyForDeploymentPostprocessing = 0;
		};
/* End PBXSourcesBuildPhase section */

/* Begin PBXVariantGroup section */
		B5D75E321D823E470011AF10 /* Main.storyboard */ = {
			isa = PBXVariantGroup;
			children = (
				B5D75E331D823E470011AF10 /* Base */,
			);
			name = Main.storyboard;
			sourceTree = "<group>";
		};
		B5D75E371D823E470011AF10 /* LaunchScreen.storyboard */ = {
			isa = PBXVariantGroup;
			children = (
				B5D75E381D823E470011AF10 /* Base */,
			);
			name = LaunchScreen.storyboard;
			sourceTree = "<group>";
		};
/* End PBXVariantGroup section */

/* Begin XCBuildConfiguration section */
		B5D75E3B1D823E470011AF10 /* Debug */ = {
			isa = XCBuildConfiguration;
			buildSettings = {
				ALWAYS_SEARCH_USER_PATHS = NO;
				CLANG_ANALYZER_NONNULL = YES;
				CLANG_CXX_LANGUAGE_STANDARD = "gnu++0x";
				CLANG_CXX_LIBRARY = "libc++";
				CLANG_ENABLE_MODULES = YES;
				CLANG_ENABLE_OBJC_ARC = YES;
				CLANG_WARN_BOOL_CONVERSION = YES;
				CLANG_WARN_CONSTANT_CONVERSION = YES;
				CLANG_WARN_DIRECT_OBJC_ISA_USAGE = YES_ERROR;
				CLANG_WARN_EMPTY_BODY = YES;
				CLANG_WARN_ENUM_CONVERSION = YES;
				CLANG_WARN_INT_CONVERSION = YES;
				CLANG_WARN_OBJC_ROOT_CLASS = YES_ERROR;
				CLANG_WARN_UNREACHABLE_CODE = YES;
				CLANG_WARN__DUPLICATE_METHOD_MATCH = YES;
				"CODE_SIGN_IDENTITY[sdk=iphoneos*]" = "iPhone Developer";
				COPY_PHASE_STRIP = NO;
				DEBUG_INFORMATION_FORMAT = dwarf;
				ENABLE_STRICT_OBJC_MSGSEND = YES;
				ENABLE_TESTABILITY = YES;
				GCC_C_LANGUAGE_STANDARD = gnu99;
				GCC_DYNAMIC_NO_PIC = NO;
				GCC_NO_COMMON_BLOCKS = YES;
				GCC_OPTIMIZATION_LEVEL = 0;
				GCC_PREPROCESSOR_DEFINITIONS = (
					"DEBUG=1",
					"$(inherited)",
				);
				GCC_WARN_64_TO_32_BIT_CONVERSION = YES;
				GCC_WARN_ABOUT_RETURN_TYPE = YES_ERROR;
				GCC_WARN_UNDECLARED_SELECTOR = YES;
				GCC_WARN_UNINITIALIZED_AUTOS = YES_AGGRESSIVE;
				GCC_WARN_UNUSED_FUNCTION = YES;
				GCC_WARN_UNUSED_VARIABLE = YES;
				IPHONEOS_DEPLOYMENT_TARGET = 9.3;
				MTL_ENABLE_DEBUG_INFO = YES;
				ONLY_ACTIVE_ARCH = YES;
				SDKROOT = iphoneos;
			};
			name = Debug;
		};
		B5D75E3C1D823E470011AF10 /* Release */ = {
			isa = XCBuildConfiguration;
			buildSettings = {
				ALWAYS_SEARCH_USER_PATHS = NO;
				CLANG_ANALYZER_NONNULL = YES;
				CLANG_CXX_LANGUAGE_STANDARD = "gnu++0x";
				CLANG_CXX_LIBRARY = "libc++";
				CLANG_ENABLE_MODULES = YES;
				CLANG_ENABLE_OBJC_ARC = YES;
				CLANG_WARN_BOOL_CONVERSION = YES;
				CLANG_WARN_CONSTANT_CONVERSION = YES;
				CLANG_WARN_DIRECT_OBJC_ISA_USAGE = YES_ERROR;
				CLANG_WARN_EMPTY_BODY = YES;
				CLANG_WARN_ENUM_CONVERSION = YES;
				CLANG_WARN_INT_CONVERSION = YES;
				CLANG_WARN_OBJC_ROOT_CLASS = YES_ERROR;
				CLANG_WARN_UNREACHABLE_CODE = YES;
				CLANG_WARN__DUPLICATE_METHOD_MATCH = YES;
				"CODE_SIGN_IDENTITY[sdk=iphoneos*]" = "iPhone Developer";
				COPY_PHASE_STRIP = NO;
				DEBUG_INFORMATION_FORMAT = "dwarf-with-dsym";
				ENABLE_NS_ASSERTIONS = NO;
				ENABLE_STRICT_OBJC_MSGSEND = YES;
				GCC_C_LANGUAGE_STANDARD = gnu99;
				GCC_NO_COMMON_BLOCKS = YES;
				GCC_WARN_64_TO_32_BIT_CONVERSION = YES;
				GCC_WARN_ABOUT_RETURN_TYPE = YES_ERROR;
				GCC_WARN_UNDECLARED_SELECTOR = YES;
				GCC_WARN_UNINITIALIZED_AUTOS = YES_AGGRESSIVE;
				GCC_WARN_UNUSED_FUNCTION = YES;
				GCC_WARN_UNUSED_VARIABLE = YES;
				IPHONEOS_DEPLOYMENT_TARGET = 9.3;
				MTL_ENABLE_DEBUG_INFO = NO;
				SDKROOT = iphoneos;
				VALIDATE_PRODUCT = YES;
			};
			name = Release;
		};
		B5D75E3E1D823E470011AF10 /* Debug */ = {
			isa = XCBuildConfiguration;
			buildSettings = {
				ASSETCATALOG_COMPILER_APPICON_NAME = AppIcon;
				"CODE_SIGN_IDENTITY[sdk=iphoneos*]" = "iPhone Developer";
				DEVELOPMENT_TEAM = 49S32J7447;
				INFOPLIST_FILE = CoreAnimationDemo/Info.plist;
				IPHONEOS_DEPLOYMENT_TARGET = 8.0;
				LD_RUNPATH_SEARCH_PATHS = "$(inherited) @executable_path/Frameworks";
				PRODUCT_BUNDLE_IDENTIFIER = coreAnimation;
				PRODUCT_NAME = "$(TARGET_NAME)";
			};
			name = Debug;
		};
		B5D75E3F1D823E470011AF10 /* Release */ = {
			isa = XCBuildConfiguration;
			buildSettings = {
				ASSETCATALOG_COMPILER_APPICON_NAME = AppIcon;
				"CODE_SIGN_IDENTITY[sdk=iphoneos*]" = "iPhone Developer";
				DEVELOPMENT_TEAM = 49S32J7447;
				INFOPLIST_FILE = CoreAnimationDemo/Info.plist;
				IPHONEOS_DEPLOYMENT_TARGET = 8.0;
				LD_RUNPATH_SEARCH_PATHS = "$(inherited) @executable_path/Frameworks";
				PRODUCT_BUNDLE_IDENTIFIER = coreAnimation;
				PRODUCT_NAME = "$(TARGET_NAME)";
			};
			name = Release;
		};
/* End XCBuildConfiguration section */

/* Begin XCConfigurationList section */
		B5D75E211D823E470011AF10 /* Build configuration list for PBXProject "CoreAnimationDemo" */ = {
			isa = XCConfigurationList;
			buildConfigurations = (
				B5D75E3B1D823E470011AF10 /* Debug */,
				B5D75E3C1D823E470011AF10 /* Release */,
			);
			defaultConfigurationIsVisible = 0;
			defaultConfigurationName = Release;
		};
		B5D75E3D1D823E470011AF10 /* Build configuration list for PBXNativeTarget "CoreAnimationDemo" */ = {
			isa = XCConfigurationList;
			buildConfigurations = (
				B5D75E3E1D823E470011AF10 /* Debug */,
				B5D75E3F1D823E470011AF10 /* Release */,
			);
			defaultConfigurationIsVisible = 0;
			defaultConfigurationName = Release;
		};
/* End XCConfigurationList section */
	};
	rootObject = B5D75E1E1D823E470011AF10 /* Project object */;
}
